
Microsoft Visual Studio Solution File, Format Version 12.00
# Visual Studio Version 16
VisualStudioVersion = 16.0.32228.343
MinimumVisualStudioVersion = 10.0.40219.1
Project("{FAE04EC0-301F-11D3-BF4B-00C04F79EFBC}") = "Array", "Array.csproj", "{7A662D62-B17A-483E-8EC7-B4568C2307B3}"
EndProject
Global
	GlobalSection(SolutionConfigurationPlatforms) = preSolution
		Debug|Any CPU = Debug|Any CPU
		Release|Any CPU = Release|Any CPU
	EndGlobalSection
	GlobalSection(ProjectConfigurationPlatforms) = postSolution
		{7A662D62-B17A-483E-8EC7-B4568C2307B3}.Debug|Any CPU.ActiveCfg = Debug|Any CPU
		{7A662D62-B17A-483E-8EC7-B4568C2307B3}.Debug|Any CPU.Build.0 = Debug|Any CPU
		{7A662D62-B17A-483E-8EC7-B4568C2307B3}.Release|Any CPU.ActiveCfg = Release|Any CPU
		{7A662D62-B17A-483E-8EC7-B4568C2307B3}.Release|Any CPU.Build.0 = Release|Any CPU
	EndGlobalSection
	GlobalSection(SolutionProperties) = preSolution
		HideSolutionNode = FALSE
	EndGlobalSection
	GlobalSection(ExtensibilityGlobals) = postSolution
		SolutionGuid = {BCD9B309-E7E9-401B-8F07-C2C176D4E48E}
	EndGlobalSection
EndGlobal
